
Microsoft Visual Studio Solution File, Format Version 12.00
# Visual Studio Version 17
VisualStudioVersion = 17.7.34221.43
MinimumVisualStudioVersion = 10.0.40219.1
Project("{9A19103F-16F7-4668-BE54-9A1E7A4F7556}") = "ToDoList", "ToDoList.csproj", "{14476C5B-14D0-4E79-9B41-D5F0D5C48A09}"
EndProject
Project("{FAE04EC0-301F-11D3-BF4B-00C04F79EFBC}") = "ToDoListApi", "..\ToDoListApi\ToDoListApi.csproj", "{6E99F681-0585-48C6-9938-884D33C7F36B}"
EndProject
Global
	GlobalSection(SolutionConfigurationPlatforms) = preSolution
		Debug|Any CPU = Debug|Any CPU
		Release|Any CPU = Release|Any CPU
	EndGlobalSection
	GlobalSection(ProjectConfigurationPlatforms) = postSolution
		{14476C5B-14D0-4E79-9B41-D5F0D5C48A09}.Debug|Any CPU.ActiveCfg = Debug|Any CPU
		{14476C5B-14D0-4E79-9B41-D5F0D5C48A09}.Debug|Any CPU.Build.0 = Debug|Any CPU
		{14476C5B-14D0-4E79-9B41-D5F0D5C48A09}.Release|Any CPU.ActiveCfg = Release|Any CPU
		{14476C5B-14D0-4E79-9B41-D5F0D5C48A09}.Release|Any CPU.Build.0 = Release|Any CPU
		{6E99F681-0585-48C6-9938-884D33C7F36B}.Debug|Any CPU.ActiveCfg = Debug|Any CPU
		{6E99F681-0585-48C6-9938-884D33C7F36B}.Debug|Any CPU.Build.0 = Debug|Any CPU
		{6E99F681-0585-48C6-9938-884D33C7F36B}.Release|Any CPU.ActiveCfg = Release|Any CPU
		{6E99F681-0585-48C6-9938-884D33C7F36B}.Release|Any CPU.Build.0 = Release|Any CPU
	EndGlobalSection
	GlobalSection(SolutionProperties) = preSolution
		HideSolutionNode = FALSE
	EndGlobalSection
	GlobalSection(ExtensibilityGlobals) = postSolution
		SolutionGuid = {959A6E82-B8EB-4B0A-BA11-AF6A31A34735}
	EndGlobalSection
EndGlobal
